// !$*UTF8*$!
{
	archiveVersion = 1;
	classes = {
	};
	objectVersion = 46;
	objects = {

/* Begin PBXBuildFile section */
		52FBD8411D3DDDD700304651 /* AppDelegate.swift in Sources */ = {isa = PBXBuildFile; fileRef = 52FBD8401D3DDDD700304651 /* AppDelegate.swift */; };
		52FBD8481D3DDDD700304651 /* Assets.xcassets in Resources */ = {isa = PBXBuildFile; fileRef = 52FBD8471D3DDDD700304651 /* Assets.xcassets */; };
		52FBD89D1D3DDDED00304651 /* MarcoFile.swift in Sources */ = {isa = PBXBuildFile; fileRef = 52FBD8541D3DDDED00304651 /* MarcoFile.swift */; };
		52FBD89E1D3DDDED00304651 /* EditViewController.swift in Sources */ = {isa = PBXBuildFile; fileRef = 52FBD8581D3DDDED00304651 /* EditViewController.swift */; };
		52FBD89F1D3DDDED00304651 /* EditModel.swift in Sources */ = {isa = PBXBuildFile; fileRef = 52FBD85A1D3DDDED00304651 /* EditModel.swift */; };
		52FBD8A01D3DDDED00304651 /* EditImageView.swift in Sources */ = {isa = PBXBuildFile; fileRef = 52FBD85C1D3DDDED00304651 /* EditImageView.swift */; };
		52FBD8A11D3DDDED00304651 /* WaterLabel.swift in Sources */ = {isa = PBXBuildFile; fileRef = 52FBD85D1D3DDDED00304651 /* WaterLabel.swift */; };
		52FBD8A21D3DDDED00304651 /* EditLabelViewController.swift in Sources */ = {isa = PBXBuildFile; fileRef = 52FBD8601D3DDDED00304651 /* EditLabelViewController.swift */; };
		52FBD8A31D3DDDED00304651 /* LabelEditView.swift in Sources */ = {isa = PBXBuildFile; fileRef = 52FBD8631D3DDDED00304651 /* LabelEditView.swift */; };
		52FBD8A41D3DDDED00304651 /* LabelEditView.xib in Resources */ = {isa = PBXBuildFile; fileRef = 52FBD8641D3DDDED00304651 /* LabelEditView.xib */; };
		52FBD8A51D3DDDED00304651 /* ViewController.swift in Sources */ = {isa = PBXBuildFile; fileRef = 52FBD8671D3DDDED00304651 /* ViewController.swift */; };
		52FBD8A61D3DDDED00304651 /* LaunchScreen.storyboard in Resources */ = {isa = PBXBuildFile; fileRef = 52FBD86B1D3DDDED00304651 /* LaunchScreen.storyboard */; };
		52FBD8A71D3DDDED00304651 /* Main.storyboard in Resources */ = {isa = PBXBuildFile; fileRef = 52FBD86C1D3DDDED00304651 /* Main.storyboard */; };
		52FBD8A81D3DDDED00304651 /* UIImage+MLTint.m in Sources */ = {isa = PBXBuildFile; fileRef = 52FBD8721D3DDDED00304651 /* UIImage+MLTint.m */; };
		52FBD8A91D3DDDED00304651 /* UIView+MLExtension.m in Sources */ = {isa = PBXBuildFile; fileRef = 52FBD8741D3DDDED00304651 /* UIView+MLExtension.m */; };
		52FBD8AA1D3DDDED00304651 /* MLSelectPhotoAssets.m in Sources */ = {isa = PBXBuildFile; fileRef = 52FBD8791D3DDDED00304651 /* MLSelectPhotoAssets.m */; };
		52FBD8AB1D3DDDED00304651 /* MLSelectPhotoPickerBrowserPhoto.m in Sources */ = {isa = PBXBuildFile; fileRef = 52FBD87B1D3DDDED00304651 /* MLSelectPhotoPickerBrowserPhoto.m */; };
		52FBD8AC1D3DDDED00304651 /* MLSelectPhotoPickerDatas.m in Sources */ = {isa = PBXBuildFile; fileRef = 52FBD87D1D3DDDED00304651 /* MLSelectPhotoPickerDatas.m */; };
		52FBD8AD1D3DDDED00304651 /* MLSelectPhotoPickerGroup.m in Sources */ = {isa = PBXBuildFile; fileRef = 52FBD87F1D3DDDED00304651 /* MLSelectPhotoPickerGroup.m */; };
		52FBD8AE1D3DDDED00304651 /* MLSelectPhotoBrowserViewController.m in Sources */ = {isa = PBXBuildFile; fileRef = 52FBD8821D3DDDED00304651 /* MLSelectPhotoBrowserViewController.m */; };
		52FBD8AF1D3DDDED00304651 /* MLSelectPhotoNavigationViewController.m in Sources */ = {isa = PBXBuildFile; fileRef = 52FBD8841D3DDDED00304651 /* MLSelectPhotoNavigationViewController.m */; };
		52FBD8B01D3DDDED00304651 /* MLSelectPhotoPickerAssetsViewController.m in Sources */ = {isa = PBXBuildFile; fileRef = 52FBD8861D3DDDED00304651 /* MLSelectPhotoPickerAssetsViewController.m */; };
		52FBD8B11D3DDDED00304651 /* MLSelectPhotoPickerGroupViewController.m in Sources */ = {isa = PBXBuildFile; fileRef = 52FBD8881D3DDDED00304651 /* MLSelectPhotoPickerGroupViewController.m */; };
		52FBD8B21D3DDDED00304651 /* MLSelectPhotoPickerViewController.m in Sources */ = {isa = PBXBuildFile; fileRef = 52FBD88A1D3DDDED00304651 /* MLSelectPhotoPickerViewController.m */; };
		52FBD8B31D3DDDED00304651 /* MLPhotoPickerImageView.m in Sources */ = {isa = PBXBuildFile; fileRef = 52FBD88D1D3DDDED00304651 /* MLPhotoPickerImageView.m */; };
		52FBD8B41D3DDDED00304651 /* MLSelectPhotoPickerBrowserPhotoImageView.m in Sources */ = {isa = PBXBuildFile; fileRef = 52FBD88F1D3DDDED00304651 /* MLSelectPhotoPickerBrowserPhotoImageView.m */; };
		52FBD8B51D3DDDED00304651 /* MLSelectPhotoPickerBrowserPhotoScrollView.m in Sources */ = {isa = PBXBuildFile; fileRef = 52FBD8911D3DDDED00304651 /* MLSelectPhotoPickerBrowserPhotoScrollView.m */; };
		52FBD8B61D3DDDED00304651 /* MLSelectPhotoPickerBrowserPhotoView.m in Sources */ = {isa = PBXBuildFile; fileRef = 52FBD8931D3DDDED00304651 /* MLSelectPhotoPickerBrowserPhotoView.m */; };
		52FBD8B71D3DDDED00304651 /* MLSelectPhotoPickerCollectionView.m in Sources */ = {isa = PBXBuildFile; fileRef = 52FBD8951D3DDDED00304651 /* MLSelectPhotoPickerCollectionView.m */; };
		52FBD8B81D3DDDED00304651 /* MLSelectPhotoPickerCollectionViewCell.m in Sources */ = {isa = PBXBuildFile; fileRef = 52FBD8971D3DDDED00304651 /* MLSelectPhotoPickerCollectionViewCell.m */; };
		52FBD8B91D3DDDED00304651 /* MLSelectPhotoPickerFooterCollectionReusableView.m in Sources */ = {isa = PBXBuildFile; fileRef = 52FBD8991D3DDDED00304651 /* MLSelectPhotoPickerFooterCollectionReusableView.m */; };
		52FBD8BA1D3DDDED00304651 /* MLSelectPhotoPickerGroupTableViewCell.m in Sources */ = {isa = PBXBuildFile; fileRef = 52FBD89B1D3DDDED00304651 /* MLSelectPhotoPickerGroupTableViewCell.m */; };
		52FBD8BB1D3DDDED00304651 /* MLSelectPhoto.bundle in Resources */ = {isa = PBXBuildFile; fileRef = 52FBD89C1D3DDDED00304651 /* MLSelectPhoto.bundle */; };
/* End PBXBuildFile section */

/* Begin PBXFileReference section */
		5288EAC01D3EECB4007FBBEC /* MyPlayground.playground */ = {isa = PBXFileReference; lastKnownFileType = file.playground; path = MyPlayground.playground; sourceTree = "<group>"; };
		52FBD83D1D3DDDD700304651 /* WaterLabel.app */ = {isa = PBXFileReference; explicitFileType = wrapper.application; includeInIndex = 0; path = WaterLabel.app; sourceTree = BUILT_PRODUCTS_DIR; };
		52FBD8401D3DDDD700304651 /* AppDelegate.swift */ = {isa = PBXFileReference; lastKnownFileType = sourcecode.swift; path = AppDelegate.swift; sourceTree = "<group>"; };
		52FBD8471D3DDDD700304651 /* Assets.xcassets */ = {isa = PBXFileReference; lastKnownFileType = folder.assetcatalog; path = Assets.xcassets; sourceTree = "<group>"; };
		52FBD84C1D3DDDD700304651 /* Info.plist */ = {isa = PBXFileReference; lastKnownFileType = text.plist.xml; path = Info.plist; sourceTree = "<group>"; };
		52FBD8531D3DDDED00304651 /* Header.h */ = {isa = PBXFileReference; fileEncoding = 4; lastKnownFileType = sourcecode.c.h; path = Header.h; sourceTree = "<group>"; };
		52FBD8541D3DDDED00304651 /* MarcoFile.swift */ = {isa = PBXFileReference; fileEncoding = 4; lastKnownFileType = sourcecode.swift; path = MarcoFile.swift; sourceTree = "<group>"; };
		52FBD8581D3DDDED00304651 /* EditViewController.swift */ = {isa = PBXFileReference; fileEncoding = 4; lastKnownFileType = sourcecode.swift; path = EditViewController.swift; sourceTree = "<group>"; };
		52FBD85A1D3DDDED00304651 /* EditModel.swift */ = {isa = PBXFileReference; fileEncoding = 4; lastKnownFileType = sourcecode.swift; path = EditModel.swift; sourceTree = "<group>"; };
		52FBD85C1D3DDDED00304651 /* EditImageView.swift */ = {isa = PBXFileReference; fileEncoding = 4; lastKnownFileType = sourcecode.swift; path = EditImageView.swift; sourceTree = "<group>"; };
		52FBD85D1D3DDDED00304651 /* WaterLabel.swift */ = {isa = PBXFileReference; fileEncoding = 4; lastKnownFileType = sourcecode.swift; path = WaterLabel.swift; sourceTree = "<group>"; };
		52FBD8601D3DDDED00304651 /* EditLabelViewController.swift */ = {isa = PBXFileReference; fileEncoding = 4; lastKnownFileType = sourcecode.swift; path = EditLabelViewController.swift; sourceTree = "<group>"; };
		52FBD8631D3DDDED00304651 /* LabelEditView.swift */ = {isa = PBXFileReference; fileEncoding = 4; lastKnownFileType = sourcecode.swift; path = LabelEditView.swift; sourceTree = "<group>"; };
		52FBD8641D3DDDED00304651 /* LabelEditView.xib */ = {isa = PBXFileReference; fileEncoding = 4; lastKnownFileType = file.xib; path = LabelEditView.xib; sourceTree = "<group>"; };
		52FBD8671D3DDDED00304651 /* ViewController.swift */ = {isa = PBXFileReference; fileEncoding = 4; lastKnownFileType = sourcecode.swift; path = ViewController.swift; sourceTree = "<group>"; };
		52FBD86B1D3DDDED00304651 /* LaunchScreen.storyboard */ = {isa = PBXFileReference; fileEncoding = 4; lastKnownFileType = file.storyboard; path = LaunchScreen.storyboard; sourceTree = "<group>"; };
		52FBD86C1D3DDDED00304651 /* Main.storyboard */ = {isa = PBXFileReference; fileEncoding = 4; lastKnownFileType = file.storyboard; path = Main.storyboard; sourceTree = "<group>"; };
		52FBD8711D3DDDED00304651 /* UIImage+MLTint.h */ = {isa = PBXFileReference; fileEncoding = 4; lastKnownFileType = sourcecode.c.h; path = "UIImage+MLTint.h"; sourceTree = "<group>"; };
		52FBD8721D3DDDED00304651 /* UIImage+MLTint.m */ = {isa = PBXFileReference; fileEncoding = 4; lastKnownFileType = sourcecode.c.objc; path = "UIImage+MLTint.m"; sourceTree = "<group>"; };
		52FBD8731D3DDDED00304651 /* UIView+MLExtension.h */ = {isa = PBXFileReference; fileEncoding = 4; lastKnownFileType = sourcecode.c.h; path = "UIView+MLExtension.h"; sourceTree = "<group>"; };
		52FBD8741D3DDDED00304651 /* UIView+MLExtension.m */ = {isa = PBXFileReference; fileEncoding = 4; lastKnownFileType = sourcecode.c.objc; path = "UIView+MLExtension.m"; sourceTree = "<group>"; };
		52FBD8751D3DDDED00304651 /* MLSelectPhoto.h */ = {isa = PBXFileReference; fileEncoding = 4; lastKnownFileType = sourcecode.c.h; path = MLSelectPhoto.h; sourceTree = "<group>"; };
		52FBD8761D3DDDED00304651 /* MLSelectPhotoCommon.h */ = {isa = PBXFileReference; fileEncoding = 4; lastKnownFileType = sourcecode.c.h; path = MLSelectPhotoCommon.h; sourceTree = "<group>"; };
		52FBD8781D3DDDED00304651 /* MLSelectPhotoAssets.h */ = {isa = PBXFileReference; fileEncoding = 4; lastKnownFileType = sourcecode.c.h; path = MLSelectPhotoAssets.h; sourceTree = "<group>"; };
		52FBD8791D3DDDED00304651 /* MLSelectPhotoAssets.m */ = {isa = PBXFileReference; fileEncoding = 4; lastKnownFileType = sourcecode.c.objc; path = MLSelectPhotoAssets.m; sourceTree = "<group>"; };
		52FBD87A1D3DDDED00304651 /* MLSelectPhotoPickerBrowserPhoto.h */ = {isa = PBXFileReference; fileEncoding = 4; lastKnownFileType = sourcecode.c.h; path = MLSelectPhotoPickerBrowserPhoto.h; sourceTree = "<group>"; };
		52FBD87B1D3DDDED00304651 /* MLSelectPhotoPickerBrowserPhoto.m */ = {isa = PBXFileReference; fileEncoding = 4; lastKnownFileType = sourcecode.c.objc; path = MLSelectPhotoPickerBrowserPhoto.m; sourceTree = "<group>"; };
		52FBD87C1D3DDDED00304651 /* MLSelectPhotoPickerDatas.h */ = {isa = PBXFileReference; fileEncoding = 4; lastKnownFileType = sourcecode.c.h; path = MLSelectPhotoPickerDatas.h; sourceTree = "<group>"; };
		52FBD87D1D3DDDED00304651 /* MLSelectPhotoPickerDatas.m */ = {isa = PBXFileReference; fileEncoding = 4; lastKnownFileType = sourcecode.c.objc; path = MLSelectPhotoPickerDatas.m; sourceTree = "<group>"; };
		52FBD87E1D3DDDED00304651 /* MLSelectPhotoPickerGroup.h */ = {isa = PBXFileReference; fileEncoding = 4; lastKnownFileType = sourcecode.c.h; path = MLSelectPhotoPickerGroup.h; sourceTree = "<group>"; };
		52FBD87F1D3DDDED00304651 /* MLSelectPhotoPickerGroup.m */ = {isa = PBXFileReference; fileEncoding = 4; lastKnownFileType = sourcecode.c.objc; path = MLSelectPhotoPickerGroup.m; sourceTree = "<group>"; };
		52FBD8811D3DDDED00304651 /* MLSelectPhotoBrowserViewController.h */ = {isa = PBXFileReference; fileEncoding = 4; lastKnownFileType = sourcecode.c.h; path = MLSelectPhotoBrowserViewController.h; sourceTree = "<group>"; };
		52FBD8821D3DDDED00304651 /* MLSelectPhotoBrowserViewController.m */ = {isa = PBXFileReference; fileEncoding = 4; lastKnownFileType = sourcecode.c.objc; path = MLSelectPhotoBrowserViewController.m; sourceTree = "<group>"; };
		52FBD8831D3DDDED00304651 /* MLSelectPhotoNavigationViewController.h */ = {isa = PBXFileReference; fileEncoding = 4; lastKnownFileType = sourcecode.c.h; path = MLSelectPhotoNavigationViewController.h; sourceTree = "<group>"; };
		52FBD8841D3DDDED00304651 /* MLSelectPhotoNavigationViewController.m */ = {isa = PBXFileReference; fileEncoding = 4; lastKnownFileType = sourcecode.c.objc; path = MLSelectPhotoNavigationViewController.m; sourceTree = "<group>"; };
		52FBD8851D3DDDED00304651 /* MLSelectPhotoPickerAssetsViewController.h */ = {isa = PBXFileReference; fileEncoding = 4; lastKnownFileType = sourcecode.c.h; path = MLSelectPhotoPickerAssetsViewController.h; sourceTree = "<group>"; };
		52FBD8861D3DDDED00304651 /* MLSelectPhotoPickerAssetsViewController.m */ = {isa = PBXFileReference; fileEncoding = 4; lastKnownFileType = sourcecode.c.objc; path = MLSelectPhotoPickerAssetsViewController.m; sourceTree = "<group>"; };
		52FBD8871D3DDDED00304651 /* MLSelectPhotoPickerGroupViewController.h */ = {isa = PBXFileReference; fileEncoding = 4; lastKnownFileType = sourcecode.c.h; path = MLSelectPhotoPickerGroupViewController.h; sourceTree = "<group>"; };
		52FBD8881D3DDDED00304651 /* MLSelectPhotoPickerGroupViewController.m */ = {isa = PBXFileReference; fileEncoding = 4; lastKnownFileType = sourcecode.c.objc; path = MLSelectPhotoPickerGroupViewController.m; sourceTree = "<group>"; };
		52FBD8891D3DDDED00304651 /* MLSelectPhotoPickerViewController.h */ = {isa = PBXFileReference; fileEncoding = 4; lastKnownFileType = sourcecode.c.h; path = MLSelectPhotoPickerViewController.h; sourceTree = "<group>"; };
		52FBD88A1D3DDDED00304651 /* MLSelectPhotoPickerViewController.m */ = {isa = PBXFileReference; fileEncoding = 4; lastKnownFileType = sourcecode.c.objc; path = MLSelectPhotoPickerViewController.m; sourceTree = "<group>"; };
		52FBD88C1D3DDDED00304651 /* MLPhotoPickerImageView.h */ = {isa = PBXFileReference; fileEncoding = 4; lastKnownFileType = sourcecode.c.h; path = MLPhotoPickerImageView.h; sourceTree = "<group>"; };
		52FBD88D1D3DDDED00304651 /* MLPhotoPickerImageView.m */ = {isa = PBXFileReference; fileEncoding = 4; lastKnownFileType = sourcecode.c.objc; path = MLPhotoPickerImageView.m; sourceTree = "<group>"; };
		52FBD88E1D3DDDED00304651 /* MLSelectPhotoPickerBrowserPhotoImageView.h */ = {isa = PBXFileReference; fileEncoding = 4; lastKnownFileType = sourcecode.c.h; path = MLSelectPhotoPickerBrowserPhotoImageView.h; sourceTree = "<group>"; };
		52FBD88F1D3DDDED00304651 /* MLSelectPhotoPickerBrowserPhotoImageView.m */ = {isa = PBXFileReference; fileEncoding = 4; lastKnownFileType = sourcecode.c.objc; path = MLSelectPhotoPickerBrowserPhotoImageView.m; sourceTree = "<group>"; };
		52FBD8901D3DDDED00304651 /* MLSelectPhotoPickerBrowserPhotoScrollView.h */ = {isa = PBXFileReference; fileEncoding = 4; lastKnownFileType = sourcecode.c.h; path = MLSelectPhotoPickerBrowserPhotoScrollView.h; sourceTree = "<group>"; };
		52FBD8911D3DDDED00304651 /* MLSelectPhotoPickerBrowserPhotoScrollView.m */ = {isa = PBXFileReference; fileEncoding = 4; lastKnownFileType = sourcecode.c.objc; path = MLSelectPhotoPickerBrowserPhotoScrollView.m; sourceTree = "<group>"; };
		52FBD8921D3DDDED00304651 /* MLSelectPhotoPickerBrowserPhotoView.h */ = {isa = PBXFileReference; fileEncoding = 4; lastKnownFileType = sourcecode.c.h; path = MLSelectPhotoPickerBrowserPhotoView.h; sourceTree = "<group>"; };
		52FBD8931D3DDDED00304651 /* MLSelectPhotoPickerBrowserPhotoView.m */ = {isa = PBXFileReference; fileEncoding = 4; lastKnownFileType = sourcecode.c.objc; path = MLSelectPhotoPickerBrowserPhotoView.m; sourceTree = "<group>"; };
		52FBD8941D3DDDED00304651 /* MLSelectPhotoPickerCollectionView.h */ = {isa = PBXFileReference; fileEncoding = 4; lastKnownFileType = sourcecode.c.h; path = MLSelectPhotoPickerCollectionView.h; sourceTree = "<group>"; };
		52FBD8951D3DDDED00304651 /* MLSelectPhotoPickerCollectionView.m */ = {isa = PBXFileReference; fileEncoding = 4; lastKnownFileType = sourcecode.c.objc; path = MLSelectPhotoPickerCollectionView.m; sourceTree = "<group>"; };
		52FBD8961D3DDDED00304651 /* MLSelectPhotoPickerCollectionViewCell.h */ = {isa = PBXFileReference; fileEncoding = 4; lastKnownFileType = sourcecode.c.h; path = MLSelectPhotoPickerCollectionViewCell.h; sourceTree = "<group>"; };
		52FBD8971D3DDDED00304651 /* MLSelectPhotoPickerCollectionViewCell.m */ = {isa = PBXFileReference; fileEncoding = 4; lastKnownFileType = sourcecode.c.objc; path = MLSelectPhotoPickerCollectionViewCell.m; sourceTree = "<group>"; };
		52FBD8981D3DDDED00304651 /* MLSelectPhotoPickerFooterCollectionReusableView.h */ = {isa = PBXFileReference; fileEncoding = 4; lastKnownFileType = sourcecode.c.h; path = MLSelectPhotoPickerFooterCollectionReusableView.h; sourceTree = "<group>"; };
		52FBD8991D3DDDED00304651 /* MLSelectPhotoPickerFooterCollectionReusableView.m */ = {isa = PBXFileReference; fileEncoding = 4; lastKnownFileType = sourcecode.c.objc; path = MLSelectPhotoPickerFooterCollectionReusableView.m; sourceTree = "<group>"; };
		52FBD89A1D3DDDED00304651 /* MLSelectPhotoPickerGroupTableViewCell.h */ = {isa = PBXFileReference; fileEncoding = 4; lastKnownFileType = sourcecode.c.h; path = MLSelectPhotoPickerGroupTableViewCell.h; sourceTree = "<group>"; };
		52FBD89B1D3DDDED00304651 /* MLSelectPhotoPickerGroupTableViewCell.m */ = {isa = PBXFileReference; fileEncoding = 4; lastKnownFileType = sourcecode.c.objc; path = MLSelectPhotoPickerGroupTableViewCell.m; sourceTree = "<group>"; };
		52FBD89C1D3DDDED00304651 /* MLSelectPhoto.bundle */ = {isa = PBXFileReference; lastKnownFileType = "wrapper.plug-in"; path = MLSelectPhoto.bundle; sourceTree = "<group>"; };
/* End PBXFileReference section */

/* Begin PBXFrameworksBuildPhase section */
		52FBD83A1D3DDDD700304651 /* Frameworks */ = {
			isa = PBXFrameworksBuildPhase;
			buildActionMask = 2147483647;
			files = (
			);
			runOnlyForDeploymentPostprocessing = 0;
		};
/* End PBXFrameworksBuildPhase section */

/* Begin PBXGroup section */
		52FBD8341D3DDDD700304651 = {
			isa = PBXGroup;
			children = (
				5288EAC01D3EECB4007FBBEC /* MyPlayground.playground */,
				52FBD83F1D3DDDD700304651 /* WaterLabel */,
				52FBD83E1D3DDDD700304651 /* Products */,
			);
			sourceTree = "<group>";
		};
		52FBD83E1D3DDDD700304651 /* Products */ = {
			isa = PBXGroup;
			children = (
				52FBD83D1D3DDDD700304651 /* WaterLabel.app */,
			);
			name = Products;
			sourceTree = "<group>";
		};
		52FBD83F1D3DDDD700304651 /* WaterLabel */ = {
			isa = PBXGroup;
			children = (
				52FBD8521D3DDDED00304651 /* Macro */,
				52FBD8551D3DDDED00304651 /* Scenes */,
				52FBD86A1D3DDDED00304651 /* StroyBoard */,
				52FBD86D1D3DDDED00304651 /* Vendors */,
				52FBD8401D3DDDD700304651 /* AppDelegate.swift */,
				52FBD8471D3DDDD700304651 /* Assets.xcassets */,
				52FBD84C1D3DDDD700304651 /* Info.plist */,
			);
			path = WaterLabel;
			sourceTree = "<group>";
		};
		52FBD8521D3DDDED00304651 /* Macro */ = {
			isa = PBXGroup;
			children = (
				52FBD8531D3DDDED00304651 /* Header.h */,
				52FBD8541D3DDDED00304651 /* MarcoFile.swift */,
			);
			path = Macro;
			sourceTree = "<group>";
		};
		52FBD8551D3DDDED00304651 /* Scenes */ = {
			isa = PBXGroup;
			children = (
				52FBD8561D3DDDED00304651 /* AddWaterLabel */,
				52FBD85E1D3DDDED00304651 /* EditLabel */,
				52FBD8651D3DDDED00304651 /* Home */,
			);
			path = Scenes;
			sourceTree = "<group>";
		};
		52FBD8561D3DDDED00304651 /* AddWaterLabel */ = {
			isa = PBXGroup;
			children = (
				52FBD8571D3DDDED00304651 /* Controller */,
				52FBD8591D3DDDED00304651 /* Model */,
				52FBD85B1D3DDDED00304651 /* View */,
			);
			path = AddWaterLabel;
			sourceTree = "<group>";
		};
		52FBD8571D3DDDED00304651 /* Controller */ = {
			isa = PBXGroup;
			children = (
				52FBD8581D3DDDED00304651 /* EditViewController.swift */,
			);
			path = Controller;
			sourceTree = "<group>";
		};
		52FBD8591D3DDDED00304651 /* Model */ = {
			isa = PBXGroup;
			children = (
				52FBD85A1D3DDDED00304651 /* EditModel.swift */,
			);
			path = Model;
			sourceTree = "<group>";
		};
		52FBD85B1D3DDDED00304651 /* View */ = {
			isa = PBXGroup;
			children = (
				52FBD85C1D3DDDED00304651 /* EditImageView.swift */,
				52FBD85D1D3DDDED00304651 /* WaterLabel.swift */,
			);
			path = View;
			sourceTree = "<group>";
		};
		52FBD85E1D3DDDED00304651 /* EditLabel */ = {
			isa = PBXGroup;
			children = (
				52FBD85F1D3DDDED00304651 /* Controller */,
				52FBD8611D3DDDED00304651 /* Model */,
				52FBD8621D3DDDED00304651 /* View */,
			);
			path = EditLabel;
			sourceTree = "<group>";
		};
		52FBD85F1D3DDDED00304651 /* Controller */ = {
			isa = PBXGroup;
			children = (
				52FBD8601D3DDDED00304651 /* EditLabelViewController.swift */,
			);
			path = Controller;
			sourceTree = "<group>";
		};
		52FBD8611D3DDDED00304651 /* Model */ = {
			isa = PBXGroup;
			children = (
			);
			path = Model;
			sourceTree = "<group>";
		};
		52FBD8621D3DDDED00304651 /* View */ = {
			isa = PBXGroup;
			children = (
				52FBD8631D3DDDED00304651 /* LabelEditView.swift */,
				52FBD8641D3DDDED00304651 /* LabelEditView.xib */,
			);
			path = View;
			sourceTree = "<group>";
		};
		52FBD8651D3DDDED00304651 /* Home */ = {
			isa = PBXGroup;
			children = (
				52FBD8661D3DDDED00304651 /* Controller */,
				52FBD8681D3DDDED00304651 /* Model */,
				52FBD8691D3DDDED00304651 /* View */,
			);
			path = Home;
			sourceTree = "<group>";
		};
		52FBD8661D3DDDED00304651 /* Controller */ = {
			isa = PBXGroup;
			children = (
				52FBD8671D3DDDED00304651 /* ViewController.swift */,
			);
			path = Controller;
			sourceTree = "<group>";
		};
		52FBD8681D3DDDED00304651 /* Model */ = {
			isa = PBXGroup;
			children = (
			);
			path = Model;
			sourceTree = "<group>";
		};
		52FBD8691D3DDDED00304651 /* View */ = {
			isa = PBXGroup;
			children = (
			);
			path = View;
			sourceTree = "<group>";
		};
		52FBD86A1D3DDDED00304651 /* StroyBoard */ = {
			isa = PBXGroup;
			children = (
				52FBD86B1D3DDDED00304651 /* LaunchScreen.storyboard */,
				52FBD86C1D3DDDED00304651 /* Main.storyboard */,
			);
			path = StroyBoard;
			sourceTree = "<group>";
		};
		52FBD86D1D3DDDED00304651 /* Vendors */ = {
			isa = PBXGroup;
			children = (
				52FBD86E1D3DDDED00304651 /* MLSelectPhoto */,
			);
			path = Vendors;
			sourceTree = "<group>";
		};
		52FBD86E1D3DDDED00304651 /* MLSelectPhoto */ = {
			isa = PBXGroup;
			children = (
				52FBD86F1D3DDDED00304651 /* Classes */,
				52FBD89C1D3DDDED00304651 /* MLSelectPhoto.bundle */,
			);
			path = MLSelectPhoto;
			sourceTree = "<group>";
		};
		52FBD86F1D3DDDED00304651 /* Classes */ = {
			isa = PBXGroup;
			children = (
				52FBD8701D3DDDED00304651 /* Category */,
				52FBD8751D3DDDED00304651 /* MLSelectPhoto.h */,
				52FBD8761D3DDDED00304651 /* MLSelectPhotoCommon.h */,
				52FBD8771D3DDDED00304651 /* Models */,
				52FBD8801D3DDDED00304651 /* ViewControllers */,
				52FBD88B1D3DDDED00304651 /* Views */,
			);
			path = Classes;
			sourceTree = "<group>";
		};
		52FBD8701D3DDDED00304651 /* Category */ = {
			isa = PBXGroup;
			children = (
				52FBD8711D3DDDED00304651 /* UIImage+MLTint.h */,
				52FBD8721D3DDDED00304651 /* UIImage+MLTint.m */,
				52FBD8731D3DDDED00304651 /* UIView+MLExtension.h */,
				52FBD8741D3DDDED00304651 /* UIView+MLExtension.m */,
			);
			path = Category;
			sourceTree = "<group>";
		};
		52FBD8771D3DDDED00304651 /* Models */ = {
			isa = PBXGroup;
			children = (
				52FBD8781D3DDDED00304651 /* MLSelectPhotoAssets.h */,
				52FBD8791D3DDDED00304651 /* MLSelectPhotoAssets.m */,
				52FBD87A1D3DDDED00304651 /* MLSelectPhotoPickerBrowserPhoto.h */,
				52FBD87B1D3DDDED00304651 /* MLSelectPhotoPickerBrowserPhoto.m */,
				52FBD87C1D3DDDED00304651 /* MLSelectPhotoPickerDatas.h */,
				52FBD87D1D3DDDED00304651 /* MLSelectPhotoPickerDatas.m */,
				52FBD87E1D3DDDED00304651 /* MLSelectPhotoPickerGroup.h */,
				52FBD87F1D3DDDED00304651 /* MLSelectPhotoPickerGroup.m */,
			);
			path = Models;
			sourceTree = "<group>";
		};
		52FBD8801D3DDDED00304651 /* ViewControllers */ = {
			isa = PBXGroup;
			children = (
				52FBD8811D3DDDED00304651 /* MLSelectPhotoBrowserViewController.h */,
				52FBD8821D3DDDED00304651 /* MLSelectPhotoBrowserViewController.m */,
				52FBD8831D3DDDED00304651 /* MLSelectPhotoNavigationViewController.h */,
				52FBD8841D3DDDED00304651 /* MLSelectPhotoNavigationViewController.m */,
				52FBD8851D3DDDED00304651 /* MLSelectPhotoPickerAssetsViewController.h */,
				52FBD8861D3DDDED00304651 /* MLSelectPhotoPickerAssetsViewController.m */,
				52FBD8871D3DDDED00304651 /* MLSelectPhotoPickerGroupViewController.h */,
				52FBD8881D3DDDED00304651 /* MLSelectPhotoPickerGroupViewController.m */,
				52FBD8891D3DDDED00304651 /* MLSelectPhotoPickerViewController.h */,
				52FBD88A1D3DDDED00304651 /* MLSelectPhotoPickerViewController.m */,
			);
			path = ViewControllers;
			sourceTree = "<group>";
		};
		52FBD88B1D3DDDED00304651 /* Views */ = {
			isa = PBXGroup;
			children = (
				52FBD88C1D3DDDED00304651 /* MLPhotoPickerImageView.h */,
				52FBD88D1D3DDDED00304651 /* MLPhotoPickerImageView.m */,
				52FBD88E1D3DDDED00304651 /* MLSelectPhotoPickerBrowserPhotoImageView.h */,
				52FBD88F1D3DDDED00304651 /* MLSelectPhotoPickerBrowserPhotoImageView.m */,
				52FBD8901D3DDDED00304651 /* MLSelectPhotoPickerBrowserPhotoScrollView.h */,
				52FBD8911D3DDDED00304651 /* MLSelectPhotoPickerBrowserPhotoScrollView.m */,
				52FBD8921D3DDDED00304651 /* MLSelectPhotoPickerBrowserPhotoView.h */,
				52FBD8931D3DDDED00304651 /* MLSelectPhotoPickerBrowserPhotoView.m */,
				52FBD8941D3DDDED00304651 /* MLSelectPhotoPickerCollectionView.h */,
				52FBD8951D3DDDED00304651 /* MLSelectPhotoPickerCollectionView.m */,
				52FBD8961D3DDDED00304651 /* MLSelectPhotoPickerCollectionViewCell.h */,
				52FBD8971D3DDDED00304651 /* MLSelectPhotoPickerCollectionViewCell.m */,
				52FBD8981D3DDDED00304651 /* MLSelectPhotoPickerFooterCollectionReusableView.h */,
				52FBD8991D3DDDED00304651 /* MLSelectPhotoPickerFooterCollectionReusableView.m */,
				52FBD89A1D3DDDED00304651 /* MLSelectPhotoPickerGroupTableViewCell.h */,
				52FBD89B1D3DDDED00304651 /* MLSelectPhotoPickerGroupTableViewCell.m */,
			);
			path = Views;
			sourceTree = "<group>";
		};
/* End PBXGroup section */

/* Begin PBXNativeTarget section */
		52FBD83C1D3DDDD700304651 /* WaterLabel */ = {
			isa = PBXNativeTarget;
			buildConfigurationList = 52FBD84F1D3DDDD700304651 /* Build configuration list for PBXNativeTarget "WaterLabel" */;
			buildPhases = (
				52FBD8391D3DDDD700304651 /* Sources */,
				52FBD83A1D3DDDD700304651 /* Frameworks */,
				52FBD83B1D3DDDD700304651 /* Resources */,
			);
			buildRules = (
			);
			dependencies = (
			);
			name = WaterLabel;
			productName = WaterLabel;
			productReference = 52FBD83D1D3DDDD700304651 /* WaterLabel.app */;
			productType = "com.apple.product-type.application";
		};
/* End PBXNativeTarget section */

/* Begin PBXProject section */
		52FBD8351D3DDDD700304651 /* Project object */ = {
			isa = PBXProject;
			attributes = {
				LastSwiftUpdateCheck = 0730;
				LastUpgradeCheck = 0730;
				ORGANIZATIONNAME = "胡春源";
				TargetAttributes = {
					52FBD83C1D3DDDD700304651 = {
						CreatedOnToolsVersion = 7.3.1;
					};
				};
			};
			buildConfigurationList = 52FBD8381D3DDDD700304651 /* Build configuration list for PBXProject "WaterLabel" */;
			compatibilityVersion = "Xcode 3.2";
			developmentRegion = English;
			hasScannedForEncodings = 0;
			knownRegions = (
				en,
				Base,
			);
			mainGroup = 52FBD8341D3DDDD700304651;
			productRefGroup = 52FBD83E1D3DDDD700304651 /* Products */;
			projectDirPath = "";
			projectRoot = "";
			targets = (
				52FBD83C1D3DDDD700304651 /* WaterLabel */,
			);
		};
/* End PBXProject section */

/* Begin PBXResourcesBuildPhase section */
		52FBD83B1D3DDDD700304651 /* Resources */ = {
			isa = PBXResourcesBuildPhase;
			buildActionMask = 2147483647;
			files = (
				52FBD8BB1D3DDDED00304651 /* MLSelectPhoto.bundle in Resources */,
				52FBD8481D3DDDD700304651 /* Assets.xcassets in Resources */,
				52FBD8A71D3DDDED00304651 /* Main.storyboard in Resources */,
				52FBD8A61D3DDDED00304651 /* LaunchScreen.storyboard in Resources */,
				52FBD8A41D3DDDED00304651 /* LabelEditView.xib in Resources */,
			);
			runOnlyForDeploymentPostprocessing = 0;
		};
/* End PBXResourcesBuildPhase section */

/* Begin PBXSourcesBuildPhase section */
		52FBD8391D3DDDD700304651 /* Sources */ = {
			isa = PBXSourcesBuildPhase;
			buildActionMask = 2147483647;
			files = (
				52FBD8B11D3DDDED00304651 /* MLSelectPhotoPickerGroupViewController.m in Sources */,
				52FBD8A51D3DDDED00304651 /* ViewController.swift in Sources */,
				52FBD8AC1D3DDDED00304651 /* MLSelectPhotoPickerDatas.m in Sources */,
				52FBD8BA1D3DDDED00304651 /* MLSelectPhotoPickerGroupTableViewCell.m in Sources */,
				52FBD8A91D3DDDED00304651 /* UIView+MLExtension.m in Sources */,
				52FBD8AD1D3DDDED00304651 /* MLSelectPhotoPickerGroup.m in Sources */,
				52FBD89E1D3DDDED00304651 /* EditViewController.swift in Sources */,
				52FBD8A11D3DDDED00304651 /* WaterLabel.swift in Sources */,
				52FBD8B61D3DDDED00304651 /* MLSelectPhotoPickerBrowserPhotoView.m in Sources */,
				52FBD8B71D3DDDED00304651 /* MLSelectPhotoPickerCollectionView.m in Sources */,
				52FBD8A31D3DDDED00304651 /* LabelEditView.swift in Sources */,
				52FBD8B91D3DDDED00304651 /* MLSelectPhotoPickerFooterCollectionReusableView.m in Sources */,
				52FBD8A01D3DDDED00304651 /* EditImageView.swift in Sources */,
				52FBD8B41D3DDDED00304651 /* MLSelectPhotoPickerBrowserPhotoImageView.m in Sources */,
				52FBD8B31D3DDDED00304651 /* MLPhotoPickerImageView.m in Sources */,
				52FBD8A81D3DDDED00304651 /* UIImage+MLTint.m in Sources */,
				52FBD8AF1D3DDDED00304651 /* MLSelectPhotoNavigationViewController.m in Sources */,
				52FBD8411D3DDDD700304651 /* AppDelegate.swift in Sources */,
				52FBD8B51D3DDDED00304651 /* MLSelectPhotoPickerBrowserPhotoScrollView.m in Sources */,
				52FBD8A21D3DDDED00304651 /* EditLabelViewController.swift in Sources */,
				52FBD89F1D3DDDED00304651 /* EditModel.swift in Sources */,
				52FBD8B21D3DDDED00304651 /* MLSelectPhotoPickerViewController.m in Sources */,
				52FBD89D1D3DDDED00304651 /* MarcoFile.swift in Sources */,
				52FBD8AA1D3DDDED00304651 /* MLSelectPhotoAssets.m in Sources */,
				52FBD8AE1D3DDDED00304651 /* MLSelectPhotoBrowserViewController.m in Sources */,
				52FBD8B01D3DDDED00304651 /* MLSelectPhotoPickerAssetsViewController.m in Sources */,
				52FBD8B81D3DDDED00304651 /* MLSelectPhotoPickerCollectionViewCell.m in Sources */,
				52FBD8AB1D3DDDED00304651 /* MLSelectPhotoPickerBrowserPhoto.m in Sources */,
			);
			runOnlyForDeploymentPostprocessing = 0;
		};
/* End PBXSourcesBuildPhase section */

/* Begin XCBuildConfiguration section */
		52FBD84D1D3DDDD700304651 /* Debug */ = {
			isa = XCBuildConfiguration;
			buildSettings = {
				ALWAYS_SEARCH_USER_PATHS = NO;
				CLANG_ANALYZER_NONNULL = YES;
				CLANG_CXX_LANGUAGE_STANDARD = "gnu++0x";
				CLANG_CXX_LIBRARY = "libc++";
				CLANG_ENABLE_MODULES = YES;
				CLANG_ENABLE_OBJC_ARC = YES;
				CLANG_WARN_BOOL_CONVERSION = YES;
				CLANG_WARN_CONSTANT_CONVERSION = YES;
				CLANG_WARN_DIRECT_OBJC_ISA_USAGE = YES_ERROR;
				CLANG_WARN_EMPTY_BODY = YES;
				CLANG_WARN_ENUM_CONVERSION = YES;
				CLANG_WARN_INT_CONVERSION = YES;
				CLANG_WARN_OBJC_ROOT_CLASS = YES_ERROR;
				CLANG_WARN_UNREACHABLE_CODE = YES;
				CLANG_WARN__DUPLICATE_METHOD_MATCH = YES;
				"CODE_SIGN_IDENTITY[sdk=iphoneos*]" = "iPhone Developer";
				COPY_PHASE_STRIP = NO;
				DEBUG_INFORMATION_FORMAT = dwarf;
				ENABLE_STRICT_OBJC_MSGSEND = YES;
				ENABLE_TESTABILITY = YES;
				GCC_C_LANGUAGE_STANDARD = gnu99;
				GCC_DYNAMIC_NO_PIC = NO;
				GCC_NO_COMMON_BLOCKS = YES;
				GCC_OPTIMIZATION_LEVEL = 0;
				GCC_PREPROCESSOR_DEFINITIONS = (
					"DEBUG=1",
					"$(inherited)",
				);
				GCC_WARN_64_TO_32_BIT_CONVERSION = YES;
				GCC_WARN_ABOUT_RETURN_TYPE = YES_ERROR;
				GCC_WARN_UNDECLARED_SELECTOR = YES;
				GCC_WARN_UNINITIALIZED_AUTOS = YES_AGGRESSIVE;
				GCC_WARN_UNUSED_FUNCTION = YES;
				GCC_WARN_UNUSED_VARIABLE = YES;
				IPHONEOS_DEPLOYMENT_TARGET = 9.3;
				MTL_ENABLE_DEBUG_INFO = YES;
				ONLY_ACTIVE_ARCH = YES;
				SDKROOT = iphoneos;
				SWIFT_OPTIMIZATION_LEVEL = "-Onone";
			};
			name = Debug;
		};
		52FBD84E1D3DDDD700304651 /* Release */ = {
			isa = XCBuildConfiguration;
			buildSettings = {
				ALWAYS_SEARCH_USER_PATHS = NO;
				CLANG_ANALYZER_NONNULL = YES;
				CLANG_CXX_LANGUAGE_STANDARD = "gnu++0x";
				CLANG_CXX_LIBRARY = "libc++";
				CLANG_ENABLE_MODULES = YES;
				CLANG_ENABLE_OBJC_ARC = YES;
				CLANG_WARN_BOOL_CONVERSION = YES;
				CLANG_WARN_CONSTANT_CONVERSION = YES;
				CLANG_WARN_DIRECT_OBJC_ISA_USAGE = YES_ERROR;
				CLANG_WARN_EMPTY_BODY = YES;
				CLANG_WARN_ENUM_CONVERSION = YES;
				CLANG_WARN_INT_CONVERSION = YES;
				CLANG_WARN_OBJC_ROOT_CLASS = YES_ERROR;
				CLANG_WARN_UNREACHABLE_CODE = YES;
				CLANG_WARN__DUPLICATE_METHOD_MATCH = YES;
				"CODE_SIGN_IDENTITY[sdk=iphoneos*]" = "iPhone Developer";
				COPY_PHASE_STRIP = NO;
				DEBUG_INFORMATION_FORMAT = "dwarf-with-dsym";
				ENABLE_NS_ASSERTIONS = NO;
				ENABLE_STRICT_OBJC_MSGSEND = YES;
				GCC_C_LANGUAGE_STANDARD = gnu99;
				GCC_NO_COMMON_BLOCKS = YES;
				GCC_WARN_64_TO_32_BIT_CONVERSION = YES;
				GCC_WARN_ABOUT_RETURN_TYPE = YES_ERROR;
				GCC_WARN_UNDECLARED_SELECTOR = YES;
				GCC_WARN_UNINITIALIZED_AUTOS = YES_AGGRESSIVE;
				GCC_WARN_UNUSED_FUNCTION = YES;
				GCC_WARN_UNUSED_VARIABLE = YES;
				IPHONEOS_DEPLOYMENT_TARGET = 9.3;
				MTL_ENABLE_DEBUG_INFO = NO;
				SDKROOT = iphoneos;
				VALIDATE_PRODUCT = YES;
			};
			name = Release;
		};
		52FBD8501D3DDDD700304651 /* Debug */ = {
			isa = XCBuildConfiguration;
			buildSettings = {
				ASSETCATALOG_COMPILER_APPICON_NAME = AppIcon;
				INFOPLIST_FILE = WaterLabel/Info.plist;
				LD_RUNPATH_SEARCH_PATHS = "$(inherited) @executable_path/Frameworks";
				PRODUCT_BUNDLE_IDENTIFIER = com.Lafree.www.WaterLabel;
				PRODUCT_NAME = "$(TARGET_NAME)";
				SWIFT_OBJC_BRIDGING_HEADER = "$(SRCROOT)/WaterLabel/Macro/Header.h";
			};
			name = Debug;
		};
		52FBD8511D3DDDD700304651 /* Release */ = {
			isa = XCBuildConfiguration;
			buildSettings = {
				ASSETCATALOG_COMPILER_APPICON_NAME = AppIcon;
				INFOPLIST_FILE = WaterLabel/Info.plist;
				LD_RUNPATH_SEARCH_PATHS = "$(inherited) @executable_path/Frameworks";
				PRODUCT_BUNDLE_IDENTIFIER = com.Lafree.www.WaterLabel;
				PRODUCT_NAME = "$(TARGET_NAME)";
				SWIFT_OBJC_BRIDGING_HEADER = "$(SRCROOT)/WaterLabel/Macro/Header.h";
			};
			name = Release;
		};
/* End XCBuildConfiguration section */

/* Begin XCConfigurationList section */
		52FBD8381D3DDDD700304651 /* Build configuration list for PBXProject "WaterLabel" */ = {
			isa = XCConfigurationList;
			buildConfigurations = (
				52FBD84D1D3DDDD700304651 /* Debug */,
				52FBD84E1D3DDDD700304651 /* Release */,
			);
			defaultConfigurationIsVisible = 0;
			defaultConfigurationName = Release;
		};
		52FBD84F1D3DDDD700304651 /* Build configuration list for PBXNativeTarget "WaterLabel" */ = {
			isa = XCConfigurationList;
			buildConfigurations = (
				52FBD8501D3DDDD700304651 /* Debug */,
				52FBD8511D3DDDD700304651 /* Release */,
			);
			defaultConfigurationIsVisible = 0;
			defaultConfigurationName = Release;
		};
/* End XCConfigurationList section */
	};
	rootObject = 52FBD8351D3DDDD700304651 /* Project object */;
}
