PODS:
  - AVOSCloud (3.3.5)
  - Bugly (2.3.1)
  - MBProgressHUD (1.0.0)
  - RxCocoa (2.6.0):
    - RxSwift (~> 2.5)
  - RxSwift (2.6.0)
  - SnapKit (0.21.1)

DEPENDENCIES:
  - AVOSCloud
  - Bugly
  - MBProgressHUD
  - RxCocoa
  - RxSwift
  - SnapKit

SPEC CHECKSUMS:
  AVOSCloud: 1fe170768bee7e05bc3ea86e38d5bddb105cb957
  Bugly: c8ece2fa5bdcb404abdd0e07131e8129f580d893
  MBProgressHUD: 4890f671c94e8a0f3cf959aa731e9de2f036d71a
  RxCocoa: 89ab00d5753502520227940e3a0e0a0413683c6b
  RxSwift: 77f3a0b15324baa7a1c9bfa9f199648a82424e26
  SnapKit: bbad04cb016c7cead63965f16b00c09318d271ee

COCOAPODS: 0.39.0
